// !$*UTF8*$!
{
	archiveVersion = 1;
	classes = {
	};
	objectVersion = 77;
	objects = {

/* Begin PBXBuildFile section */
		4EC1F7642DC2D6680057BD60 /* WidgetKit.framework in Frameworks */ = {isa = PBXBuildFile; fileRef = 4EC1F7632DC2D6680057BD60 /* WidgetKit.framework */; };
		4EC1F7662DC2D6680057BD60 /* SwiftUI.framework in Frameworks */ = {isa = PBXBuildFile; fileRef = 4EC1F7652DC2D6680057BD60 /* SwiftUI.framework */; };
		4EC1F7772DC2D66A0057BD60 /* PlayBallWidgetExtensionExtension.appex in Embed Foundation Extensions */ = {isa = PBXBuildFile; fileRef = 4EC1F7612DC2D6680057BD60 /* PlayBallWidgetExtensionExtension.appex */; settings = {ATTRIBUTES = (RemoveHeadersOnCopy, ); }; };
		4EC37A402DCFE8E1007B56CB /* MijickTimer in Frameworks */ = {isa = PBXBuildFile; productRef = 4EC37A3F2DCFE8E1007B56CB /* MijickTimer */; };
/* End PBXBuildFile section */

/* Begin PBXContainerItemProxy section */
		4E2879902DAFD63500042201 /* PBXContainerItemProxy */ = {
			isa = PBXContainerItemProxy;
			containerPortal = 4E2879782DAFD63300042201 /* Project object */;
			proxyType = 1;
			remoteGlobalIDString = 4E28797F2DAFD63300042201;
			remoteInfo = PlayBall;
		};
		4E28799A2DAFD63500042201 /* PBXContainerItemProxy */ = {
			isa = PBXContainerItemProxy;
			containerPortal = 4E2879782DAFD63300042201 /* Project object */;
			proxyType = 1;
			remoteGlobalIDString = 4E28797F2DAFD63300042201;
			remoteInfo = PlayBall;
		};
		4EC1F7752DC2D66A0057BD60 /* PBXContainerItemProxy */ = {
			isa = PBXContainerItemProxy;
			containerPortal = 4E2879782DAFD63300042201 /* Project object */;
			proxyType = 1;
			remoteGlobalIDString = 4EC1F7602DC2D6680057BD60;
			remoteInfo = PlayBallWidgetExtensionExtension;
		};
/* End PBXContainerItemProxy section */

/* Begin PBXCopyFilesBuildPhase section */
		4EC1F77C2DC2D66A0057BD60 /* Embed Foundation Extensions */ = {
			isa = PBXCopyFilesBuildPhase;
			buildActionMask = 2147483647;
			dstPath = "";
			dstSubfolderSpec = 13;
			files = (
				4EC1F7772DC2D66A0057BD60 /* PlayBallWidgetExtensionExtension.appex in Embed Foundation Extensions */,
			);
			name = "Embed Foundation Extensions";
			runOnlyForDeploymentPostprocessing = 0;
		};
/* End PBXCopyFilesBuildPhase section */

/* Begin PBXFileReference section */
		4E2879802DAFD63300042201 /* PlayBall.app */ = {isa = PBXFileReference; explicitFileType = wrapper.application; includeInIndex = 0; path = PlayBall.app; sourceTree = BUILT_PRODUCTS_DIR; };
		4E28798F2DAFD63500042201 /* PlayBallTests.xctest */ = {isa = PBXFileReference; explicitFileType = wrapper.cfbundle; includeInIndex = 0; path = PlayBallTests.xctest; sourceTree = BUILT_PRODUCTS_DIR; };
		4E2879992DAFD63500042201 /* PlayBallUITests.xctest */ = {isa = PBXFileReference; explicitFileType = wrapper.cfbundle; includeInIndex = 0; path = PlayBallUITests.xctest; sourceTree = BUILT_PRODUCTS_DIR; };
		4EC1F7612DC2D6680057BD60 /* PlayBallWidgetExtensionExtension.appex */ = {isa = PBXFileReference; explicitFileType = "wrapper.app-extension"; includeInIndex = 0; path = PlayBallWidgetExtensionExtension.appex; sourceTree = BUILT_PRODUCTS_DIR; };
		4EC1F7632DC2D6680057BD60 /* WidgetKit.framework */ = {isa = PBXFileReference; lastKnownFileType = wrapper.framework; name = WidgetKit.framework; path = System/Library/Frameworks/WidgetKit.framework; sourceTree = SDKROOT; };
		4EC1F7652DC2D6680057BD60 /* SwiftUI.framework */ = {isa = PBXFileReference; lastKnownFileType = wrapper.framework; name = SwiftUI.framework; path = System/Library/Frameworks/SwiftUI.framework; sourceTree = SDKROOT; };
/* End PBXFileReference section */

/* Begin PBXFileSystemSynchronizedBuildFileExceptionSet section */
		4EC1F75C2DC2D1AE0057BD60 /* Exceptions for "PlayBall" folder in "PlayBall" target */ = {
			isa = PBXFileSystemSynchronizedBuildFileExceptionSet;
			membershipExceptions = (
				Info.plist,
			);
			target = 4E28797F2DAFD63300042201 /* PlayBall */;
		};
		4EC1F77B2DC2D66A0057BD60 /* Exceptions for "PlayBallWidgetExtension" folder in "PlayBallWidgetExtensionExtension" target */ = {
			isa = PBXFileSystemSynchronizedBuildFileExceptionSet;
			membershipExceptions = (
				Info.plist,
			);
			target = 4EC1F7602DC2D6680057BD60 /* PlayBallWidgetExtensionExtension */;
		};
		4EC1F80C2DC443250057BD60 /* Exceptions for "PlayBallWidgetExtension" folder in "PlayBall" target */ = {
			isa = PBXFileSystemSynchronizedBuildFileExceptionSet;
			membershipExceptions = (
				LiveActivityAttributes.swift,
			);
			target = 4E28797F2DAFD63300042201 /* PlayBall */;
		};
		4EC1F80E2DC443380057BD60 /* Exceptions for "PlayBall" folder in "PlayBallWidgetExtensionExtension" target */ = {
			isa = PBXFileSystemSynchronizedBuildFileExceptionSet;
			membershipExceptions = (
				Assets/Assets.xcassets,
				"View/Colors/Color+Theme.swift",
				View/Colors/PlayerPalette.swift,
				View/Components/ColorGradient.swift,
			);
			target = 4EC1F7602DC2D6680057BD60 /* PlayBallWidgetExtensionExtension */;
		};
/* End PBXFileSystemSynchronizedBuildFileExceptionSet section */

/* Begin PBXFileSystemSynchronizedRootGroup section */
		4E2879822DAFD63300042201 /* PlayBall */ = {
			isa = PBXFileSystemSynchronizedRootGroup;
			exceptions = (
				4EC1F75C2DC2D1AE0057BD60 /* Exceptions for "PlayBall" folder in "PlayBall" target */,
				4EC1F80E2DC443380057BD60 /* Exceptions for "PlayBall" folder in "PlayBallWidgetExtensionExtension" target */,
			);
			path = PlayBall;
			sourceTree = "<group>";
		};
		4E2879922DAFD63500042201 /* PlayBallTests */ = {
			isa = PBXFileSystemSynchronizedRootGroup;
			path = PlayBallTests;
			sourceTree = "<group>";
		};
		4E28799C2DAFD63500042201 /* PlayBallUITests */ = {
			isa = PBXFileSystemSynchronizedRootGroup;
			path = PlayBallUITests;
			sourceTree = "<group>";
		};
		4EC1F7672DC2D6680057BD60 /* PlayBallWidgetExtension */ = {
			isa = PBXFileSystemSynchronizedRootGroup;
			exceptions = (
				4EC1F80C2DC443250057BD60 /* Exceptions for "PlayBallWidgetExtension" folder in "PlayBall" target */,
				4EC1F77B2DC2D66A0057BD60 /* Exceptions for "PlayBallWidgetExtension" folder in "PlayBallWidgetExtensionExtension" target */,
			);
			path = PlayBallWidgetExtension;
			sourceTree = "<group>";
		};
/* End PBXFileSystemSynchronizedRootGroup section */

/* Begin PBXFrameworksBuildPhase section */
		4E28797D2DAFD63300042201 /* Frameworks */ = {
			isa = PBXFrameworksBuildPhase;
			buildActionMask = 2147483647;
			files = (
				4EC37A402DCFE8E1007B56CB /* MijickTimer in Frameworks */,
			);
			runOnlyForDeploymentPostprocessing = 0;
		};
		4E28798C2DAFD63500042201 /* Frameworks */ = {
			isa = PBXFrameworksBuildPhase;
			buildActionMask = 2147483647;
			files = (
			);
			runOnlyForDeploymentPostprocessing = 0;
		};
		4E2879962DAFD63500042201 /* Frameworks */ = {
			isa = PBXFrameworksBuildPhase;
			buildActionMask = 2147483647;
			files = (
			);
			runOnlyForDeploymentPostprocessing = 0;
		};
		4EC1F75E2DC2D6680057BD60 /* Frameworks */ = {
			isa = PBXFrameworksBuildPhase;
			buildActionMask = 2147483647;
			files = (
				4EC1F7662DC2D6680057BD60 /* SwiftUI.framework in Frameworks */,
				4EC1F7642DC2D6680057BD60 /* WidgetKit.framework in Frameworks */,
			);
			runOnlyForDeploymentPostprocessing = 0;
		};
/* End PBXFrameworksBuildPhase section */

/* Begin PBXGroup section */
		4E2879772DAFD63300042201 = {
			isa = PBXGroup;
			children = (
				4E2879822DAFD63300042201 /* PlayBall */,
				4E2879922DAFD63500042201 /* PlayBallTests */,
				4E28799C2DAFD63500042201 /* PlayBallUITests */,
				4EC1F7672DC2D6680057BD60 /* PlayBallWidgetExtension */,
				4EC1F7622DC2D6680057BD60 /* Frameworks */,
				4E2879812DAFD63300042201 /* Products */,
			);
			sourceTree = "<group>";
		};
		4E2879812DAFD63300042201 /* Products */ = {
			isa = PBXGroup;
			children = (
				4E2879802DAFD63300042201 /* PlayBall.app */,
				4E28798F2DAFD63500042201 /* PlayBallTests.xctest */,
				4E2879992DAFD63500042201 /* PlayBallUITests.xctest */,
				4EC1F7612DC2D6680057BD60 /* PlayBallWidgetExtensionExtension.appex */,
			);
			name = Products;
			sourceTree = "<group>";
		};
		4EC1F7622DC2D6680057BD60 /* Frameworks */ = {
			isa = PBXGroup;
			children = (
				4EC1F7632DC2D6680057BD60 /* WidgetKit.framework */,
				4EC1F7652DC2D6680057BD60 /* SwiftUI.framework */,
			);
			name = Frameworks;
			sourceTree = "<group>";
		};
/* End PBXGroup section */

/* Begin PBXNativeTarget section */
		4E28797F2DAFD63300042201 /* PlayBall */ = {
			isa = PBXNativeTarget;
			buildConfigurationList = 4E2879A32DAFD63500042201 /* Build configuration list for PBXNativeTarget "PlayBall" */;
			buildPhases = (
				4E28797C2DAFD63300042201 /* Sources */,
				4E28797D2DAFD63300042201 /* Frameworks */,
				4E28797E2DAFD63300042201 /* Resources */,
				4EC1F77C2DC2D66A0057BD60 /* Embed Foundation Extensions */,
			);
			buildRules = (
			);
			dependencies = (
				4EC1F7762DC2D66A0057BD60 /* PBXTargetDependency */,
			);
			fileSystemSynchronizedGroups = (
				4E2879822DAFD63300042201 /* PlayBall */,
			);
			name = PlayBall;
			packageProductDependencies = (
				4EC37A3F2DCFE8E1007B56CB /* MijickTimer */,
			);
			productName = PlayBall;
			productReference = 4E2879802DAFD63300042201 /* PlayBall.app */;
			productType = "com.apple.product-type.application";
		};
		4E28798E2DAFD63500042201 /* PlayBallTests */ = {
			isa = PBXNativeTarget;
			buildConfigurationList = 4E2879A62DAFD63500042201 /* Build configuration list for PBXNativeTarget "PlayBallTests" */;
			buildPhases = (
				4E28798B2DAFD63500042201 /* Sources */,
				4E28798C2DAFD63500042201 /* Frameworks */,
				4E28798D2DAFD63500042201 /* Resources */,
			);
			buildRules = (
			);
			dependencies = (
				4E2879912DAFD63500042201 /* PBXTargetDependency */,
			);
			fileSystemSynchronizedGroups = (
				4E2879922DAFD63500042201 /* PlayBallTests */,
			);
			name = PlayBallTests;
			packageProductDependencies = (
			);
			productName = PlayBallTests;
			productReference = 4E28798F2DAFD63500042201 /* PlayBallTests.xctest */;
			productType = "com.apple.product-type.bundle.unit-test";
		};
		4E2879982DAFD63500042201 /* PlayBallUITests */ = {
			isa = PBXNativeTarget;
			buildConfigurationList = 4E2879A92DAFD63500042201 /* Build configuration list for PBXNativeTarget "PlayBallUITests" */;
			buildPhases = (
				4E2879952DAFD63500042201 /* Sources */,
				4E2879962DAFD63500042201 /* Frameworks */,
				4E2879972DAFD63500042201 /* Resources */,
			);
			buildRules = (
			);
			dependencies = (
				4E28799B2DAFD63500042201 /* PBXTargetDependency */,
			);
			fileSystemSynchronizedGroups = (
				4E28799C2DAFD63500042201 /* PlayBallUITests */,
			);
			name = PlayBallUITests;
			packageProductDependencies = (
			);
			productName = PlayBallUITests;
			productReference = 4E2879992DAFD63500042201 /* PlayBallUITests.xctest */;
			productType = "com.apple.product-type.bundle.ui-testing";
		};
		4EC1F7602DC2D6680057BD60 /* PlayBallWidgetExtensionExtension */ = {
			isa = PBXNativeTarget;
			buildConfigurationList = 4EC1F7782DC2D66A0057BD60 /* Build configuration list for PBXNativeTarget "PlayBallWidgetExtensionExtension" */;
			buildPhases = (
				4EC1F75D2DC2D6680057BD60 /* Sources */,
				4EC1F75E2DC2D6680057BD60 /* Frameworks */,
				4EC1F75F2DC2D6680057BD60 /* Resources */,
			);
			buildRules = (
			);
			dependencies = (
			);
			fileSystemSynchronizedGroups = (
				4EC1F7672DC2D6680057BD60 /* PlayBallWidgetExtension */,
			);
			name = PlayBallWidgetExtensionExtension;
			packageProductDependencies = (
			);
			productName = PlayBallWidgetExtensionExtension;
			productReference = 4EC1F7612DC2D6680057BD60 /* PlayBallWidgetExtensionExtension.appex */;
			productType = "com.apple.product-type.app-extension";
		};
/* End PBXNativeTarget section */

/* Begin PBXProject section */
		4E2879782DAFD63300042201 /* Project object */ = {
			isa = PBXProject;
			attributes = {
				BuildIndependentTargetsInParallel = 1;
				LastSwiftUpdateCheck = 1630;
				LastUpgradeCheck = 1630;
				TargetAttributes = {
					4E28797F2DAFD63300042201 = {
						CreatedOnToolsVersion = 16.3;
					};
					4E28798E2DAFD63500042201 = {
						CreatedOnToolsVersion = 16.3;
						TestTargetID = 4E28797F2DAFD63300042201;
					};
					4E2879982DAFD63500042201 = {
						CreatedOnToolsVersion = 16.3;
						TestTargetID = 4E28797F2DAFD63300042201;
					};
					4EC1F7602DC2D6680057BD60 = {
						CreatedOnToolsVersion = 16.3;
					};
				};
			};
			buildConfigurationList = 4E28797B2DAFD63300042201 /* Build configuration list for PBXProject "PlayBall" */;
			developmentRegion = en;
			hasScannedForEncodings = 0;
			knownRegions = (
				en,
				Base,
			);
			mainGroup = 4E2879772DAFD63300042201;
			minimizedProjectReferenceProxies = 1;
			packageReferences = (
				4EC37A3E2DCFE8E1007B56CB /* XCRemoteSwiftPackageReference "Timer" */,
			);
			preferredProjectObjectVersion = 77;
			productRefGroup = 4E2879812DAFD63300042201 /* Products */;
			projectDirPath = "";
			projectRoot = "";
			targets = (
				4E28797F2DAFD63300042201 /* PlayBall */,
				4E28798E2DAFD63500042201 /* PlayBallTests */,
				4E2879982DAFD63500042201 /* PlayBallUITests */,
				4EC1F7602DC2D6680057BD60 /* PlayBallWidgetExtensionExtension */,
			);
		};
/* End PBXProject section */

/* Begin PBXResourcesBuildPhase section */
		4E28797E2DAFD63300042201 /* Resources */ = {
			isa = PBXResourcesBuildPhase;
			buildActionMask = 2147483647;
			files = (
			);
			runOnlyForDeploymentPostprocessing = 0;
		};
		4E28798D2DAFD63500042201 /* Resources */ = {
			isa = PBXResourcesBuildPhase;
			buildActionMask = 2147483647;
			files = (
			);
			runOnlyForDeploymentPostprocessing = 0;
		};
		4E2879972DAFD63500042201 /* Resources */ = {
			isa = PBXResourcesBuildPhase;
			buildActionMask = 2147483647;
			files = (
			);
			runOnlyForDeploymentPostprocessing = 0;
		};
		4EC1F75F2DC2D6680057BD60 /* Resources */ = {
			isa = PBXResourcesBuildPhase;
			buildActionMask = 2147483647;
			files = (
			);
			runOnlyForDeploymentPostprocessing = 0;
		};
/* End PBXResourcesBuildPhase section */

/* Begin PBXSourcesBuildPhase section */
		4E28797C2DAFD63300042201 /* Sources */ = {
			isa = PBXSourcesBuildPhase;
			buildActionMask = 2147483647;
			files = (
			);
			runOnlyForDeploymentPostprocessing = 0;
		};
		4E28798B2DAFD63500042201 /* Sources */ = {
			isa = PBXSourcesBuildPhase;
			buildActionMask = 2147483647;
			files = (
			);
			runOnlyForDeploymentPostprocessing = 0;
		};
		4E2879952DAFD63500042201 /* Sources */ = {
			isa = PBXSourcesBuildPhase;
			buildActionMask = 2147483647;
			files = (
			);
			runOnlyForDeploymentPostprocessing = 0;
		};
		4EC1F75D2DC2D6680057BD60 /* Sources */ = {
			isa = PBXSourcesBuildPhase;
			buildActionMask = 2147483647;
			files = (
			);
			runOnlyForDeploymentPostprocessing = 0;
		};
/* End PBXSourcesBuildPhase section */

/* Begin PBXTargetDependency section */
		4E2879912DAFD63500042201 /* PBXTargetDependency */ = {
			isa = PBXTargetDependency;
			target = 4E28797F2DAFD63300042201 /* PlayBall */;
			targetProxy = 4E2879902DAFD63500042201 /* PBXContainerItemProxy */;
		};
		4E28799B2DAFD63500042201 /* PBXTargetDependency */ = {
			isa = PBXTargetDependency;
			target = 4E28797F2DAFD63300042201 /* PlayBall */;
			targetProxy = 4E28799A2DAFD63500042201 /* PBXContainerItemProxy */;
		};
		4EC1F7762DC2D66A0057BD60 /* PBXTargetDependency */ = {
			isa = PBXTargetDependency;
			target = 4EC1F7602DC2D6680057BD60 /* PlayBallWidgetExtensionExtension */;
			targetProxy = 4EC1F7752DC2D66A0057BD60 /* PBXContainerItemProxy */;
		};
/* End PBXTargetDependency section */

/* Begin XCBuildConfiguration section */
		4E2879A12DAFD63500042201 /* Debug */ = {
			isa = XCBuildConfiguration;
			buildSettings = {
				ALWAYS_SEARCH_USER_PATHS = NO;
				ASSETCATALOG_COMPILER_GENERATE_SWIFT_ASSET_SYMBOL_EXTENSIONS = YES;
				CLANG_ANALYZER_NONNULL = YES;
				CLANG_ANALYZER_NUMBER_OBJECT_CONVERSION = YES_AGGRESSIVE;
				CLANG_CXX_LANGUAGE_STANDARD = "gnu++20";
				CLANG_ENABLE_MODULES = YES;
				CLANG_ENABLE_OBJC_ARC = YES;
				CLANG_ENABLE_OBJC_WEAK = YES;
				CLANG_WARN_BLOCK_CAPTURE_AUTORELEASING = YES;
				CLANG_WARN_BOOL_CONVERSION = YES;
				CLANG_WARN_COMMA = YES;
				CLANG_WARN_CONSTANT_CONVERSION = YES;
				CLANG_WARN_DEPRECATED_OBJC_IMPLEMENTATIONS = YES;
				CLANG_WARN_DIRECT_OBJC_ISA_USAGE = YES_ERROR;
				CLANG_WARN_DOCUMENTATION_COMMENTS = YES;
				CLANG_WARN_EMPTY_BODY = YES;
				CLANG_WARN_ENUM_CONVERSION = YES;
				CLANG_WARN_INFINITE_RECURSION = YES;
				CLANG_WARN_INT_CONVERSION = YES;
				CLANG_WARN_NON_LITERAL_NULL_CONVERSION = YES;
				CLANG_WARN_OBJC_IMPLICIT_RETAIN_SELF = YES;
				CLANG_WARN_OBJC_LITERAL_CONVERSION = YES;
				CLANG_WARN_OBJC_ROOT_CLASS = YES_ERROR;
				CLANG_WARN_QUOTED_INCLUDE_IN_FRAMEWORK_HEADER = YES;
				CLANG_WARN_RANGE_LOOP_ANALYSIS = YES;
				CLANG_WARN_STRICT_PROTOTYPES = YES;
				CLANG_WARN_SUSPICIOUS_MOVE = YES;
				CLANG_WARN_UNGUARDED_AVAILABILITY = YES_AGGRESSIVE;
				CLANG_WARN_UNREACHABLE_CODE = YES;
				CLANG_WARN__DUPLICATE_METHOD_MATCH = YES;
				COPY_PHASE_STRIP = NO;
				DEBUG_INFORMATION_FORMAT = dwarf;
				DEVELOPMENT_TEAM = K4665LK4MM;
				ENABLE_STRICT_OBJC_MSGSEND = YES;
				ENABLE_TESTABILITY = YES;
				ENABLE_USER_SCRIPT_SANDBOXING = YES;
				GCC_C_LANGUAGE_STANDARD = gnu17;
				GCC_DYNAMIC_NO_PIC = NO;
				GCC_NO_COMMON_BLOCKS = YES;
				GCC_OPTIMIZATION_LEVEL = 0;
				GCC_PREPROCESSOR_DEFINITIONS = (
					"DEBUG=1",
					"$(inherited)",
				);
				GCC_WARN_64_TO_32_BIT_CONVERSION = YES;
				GCC_WARN_ABOUT_RETURN_TYPE = YES_ERROR;
				GCC_WARN_UNDECLARED_SELECTOR = YES;
				GCC_WARN_UNINITIALIZED_AUTOS = YES_AGGRESSIVE;
				GCC_WARN_UNUSED_FUNCTION = YES;
				GCC_WARN_UNUSED_VARIABLE = YES;
				IPHONEOS_DEPLOYMENT_TARGET = 18.4;
				LOCALIZATION_PREFERS_STRING_CATALOGS = YES;
				MTL_ENABLE_DEBUG_INFO = INCLUDE_SOURCE;
				MTL_FAST_MATH = YES;
				ONLY_ACTIVE_ARCH = YES;
				SDKROOT = iphoneos;
				SWIFT_ACTIVE_COMPILATION_CONDITIONS = "DEBUG $(inherited)";
				SWIFT_OPTIMIZATION_LEVEL = "-Onone";
			};
			name = Debug;
		};
		4E2879A22DAFD63500042201 /* Release */ = {
			isa = XCBuildConfiguration;
			buildSettings = {
				ALWAYS_SEARCH_USER_PATHS = NO;
				ASSETCATALOG_COMPILER_GENERATE_SWIFT_ASSET_SYMBOL_EXTENSIONS = YES;
				CLANG_ANALYZER_NONNULL = YES;
				CLANG_ANALYZER_NUMBER_OBJECT_CONVERSION = YES_AGGRESSIVE;
				CLANG_CXX_LANGUAGE_STANDARD = "gnu++20";
				CLANG_ENABLE_MODULES = YES;
				CLANG_ENABLE_OBJC_ARC = YES;
				CLANG_ENABLE_OBJC_WEAK = YES;
				CLANG_WARN_BLOCK_CAPTURE_AUTORELEASING = YES;
				CLANG_WARN_BOOL_CONVERSION = YES;
				CLANG_WARN_COMMA = YES;
				CLANG_WARN_CONSTANT_CONVERSION = YES;
				CLANG_WARN_DEPRECATED_OBJC_IMPLEMENTATIONS = YES;
				CLANG_WARN_DIRECT_OBJC_ISA_USAGE = YES_ERROR;
				CLANG_WARN_DOCUMENTATION_COMMENTS = YES;
				CLANG_WARN_EMPTY_BODY = YES;
				CLANG_WARN_ENUM_CONVERSION = YES;
				CLANG_WARN_INFINITE_RECURSION = YES;
				CLANG_WARN_INT_CONVERSION = YES;
				CLANG_WARN_NON_LITERAL_NULL_CONVERSION = YES;
				CLANG_WARN_OBJC_IMPLICIT_RETAIN_SELF = YES;
				CLANG_WARN_OBJC_LITERAL_CONVERSION = YES;
				CLANG_WARN_OBJC_ROOT_CLASS = YES_ERROR;
				CLANG_WARN_QUOTED_INCLUDE_IN_FRAMEWORK_HEADER = YES;
				CLANG_WARN_RANGE_LOOP_ANALYSIS = YES;
				CLANG_WARN_STRICT_PROTOTYPES = YES;
				CLANG_WARN_SUSPICIOUS_MOVE = YES;
				CLANG_WARN_UNGUARDED_AVAILABILITY = YES_AGGRESSIVE;
				CLANG_WARN_UNREACHABLE_CODE = YES;
				CLANG_WARN__DUPLICATE_METHOD_MATCH = YES;
				COPY_PHASE_STRIP = NO;
				DEBUG_INFORMATION_FORMAT = "dwarf-with-dsym";
				DEVELOPMENT_TEAM = K4665LK4MM;
				ENABLE_NS_ASSERTIONS = NO;
				ENABLE_STRICT_OBJC_MSGSEND = YES;
				ENABLE_USER_SCRIPT_SANDBOXING = YES;
				GCC_C_LANGUAGE_STANDARD = gnu17;
				GCC_NO_COMMON_BLOCKS = YES;
				GCC_WARN_64_TO_32_BIT_CONVERSION = YES;
				GCC_WARN_ABOUT_RETURN_TYPE = YES_ERROR;
				GCC_WARN_UNDECLARED_SELECTOR = YES;
				GCC_WARN_UNINITIALIZED_AUTOS = YES_AGGRESSIVE;
				GCC_WARN_UNUSED_FUNCTION = YES;
				GCC_WARN_UNUSED_VARIABLE = YES;
				IPHONEOS_DEPLOYMENT_TARGET = 18.4;
				LOCALIZATION_PREFERS_STRING_CATALOGS = YES;
				MTL_ENABLE_DEBUG_INFO = NO;
				MTL_FAST_MATH = YES;
				SDKROOT = iphoneos;
				SWIFT_COMPILATION_MODE = wholemodule;
				VALIDATE_PRODUCT = YES;
			};
			name = Release;
		};
		4E2879A42DAFD63500042201 /* Debug */ = {
			isa = XCBuildConfiguration;
			buildSettings = {
				ASSETCATALOG_COMPILER_APPICON_NAME = AppIcon;
				ASSETCATALOG_COMPILER_GLOBAL_ACCENT_COLOR_NAME = AccentColor;
				CODE_SIGN_IDENTITY = "Apple Development";
				CODE_SIGN_STYLE = Automatic;
				CURRENT_PROJECT_VERSION = 1;
				DEVELOPMENT_TEAM = K4665LK4MM;
				ENABLE_PREVIEWS = YES;
				GENERATE_INFOPLIST_FILE = YES;
				INFOPLIST_FILE = PlayBall/Info.plist;
				INFOPLIST_KEY_CFBundleDisplayName = PlayBall;
				INFOPLIST_KEY_LSApplicationCategoryType = "public.app-category.sports";
				INFOPLIST_KEY_NSSupportsLiveActivities = YES;
				INFOPLIST_KEY_UIApplicationSceneManifest_Generation = YES;
				INFOPLIST_KEY_UIApplicationSupportsIndirectInputEvents = YES;
				INFOPLIST_KEY_UILaunchScreen_Generation = YES;
				INFOPLIST_KEY_UISupportedInterfaceOrientations = UIInterfaceOrientationPortrait;
				IPHONEOS_DEPLOYMENT_TARGET = 18.0;
				LD_RUNPATH_SEARCH_PATHS = (
					"$(inherited)",
					"@executable_path/Frameworks",
				);
				MARKETING_VERSION = 1.0;
				PRODUCT_BUNDLE_IDENTIFIER = com.cgagnon.playball;
				PRODUCT_NAME = "$(TARGET_NAME)";
				PROVISIONING_PROFILE_SPECIFIER = "";
				SWIFT_EMIT_LOC_STRINGS = YES;
				SWIFT_VERSION = 5.0;
				TARGETED_DEVICE_FAMILY = 1;
			};
			name = Debug;
		};
		4E2879A52DAFD63500042201 /* Release */ = {
			isa = XCBuildConfiguration;
			buildSettings = {
				ASSETCATALOG_COMPILER_APPICON_NAME = AppIcon;
				ASSETCATALOG_COMPILER_GLOBAL_ACCENT_COLOR_NAME = AccentColor;
				CODE_SIGN_IDENTITY = "Apple Development";
				CODE_SIGN_STYLE = Automatic;
				CURRENT_PROJECT_VERSION = 1;
				DEVELOPMENT_TEAM = K4665LK4MM;
				ENABLE_PREVIEWS = YES;
				GENERATE_INFOPLIST_FILE = YES;
				INFOPLIST_FILE = PlayBall/Info.plist;
				INFOPLIST_KEY_CFBundleDisplayName = PlayBall;
				INFOPLIST_KEY_LSApplicationCategoryType = "public.app-category.sports";
				INFOPLIST_KEY_NSSupportsLiveActivities = YES;
				INFOPLIST_KEY_UIApplicationSceneManifest_Generation = YES;
				INFOPLIST_KEY_UIApplicationSupportsIndirectInputEvents = YES;
				INFOPLIST_KEY_UILaunchScreen_Generation = YES;
				INFOPLIST_KEY_UISupportedInterfaceOrientations = UIInterfaceOrientationPortrait;
				IPHONEOS_DEPLOYMENT_TARGET = 18.0;
				LD_RUNPATH_SEARCH_PATHS = (
					"$(inherited)",
					"@executable_path/Frameworks",
				);
				MARKETING_VERSION = 1.0;
				PRODUCT_BUNDLE_IDENTIFIER = com.cgagnon.playball;
				PRODUCT_NAME = "$(TARGET_NAME)";
				PROVISIONING_PROFILE_SPECIFIER = "";
				SWIFT_EMIT_LOC_STRINGS = YES;
				SWIFT_VERSION = 5.0;
				TARGETED_DEVICE_FAMILY = 1;
			};
			name = Release;
		};
		4E2879A72DAFD63500042201 /* Debug */ = {
			isa = XCBuildConfiguration;
			buildSettings = {
				BUNDLE_LOADER = "$(TEST_HOST)";
				CODE_SIGN_STYLE = Automatic;
				CURRENT_PROJECT_VERSION = 1;
				DEVELOPMENT_TEAM = K4665LK4MM;
				GENERATE_INFOPLIST_FILE = YES;
				IPHONEOS_DEPLOYMENT_TARGET = 18.4;
				MARKETING_VERSION = 1.0;
				PRODUCT_BUNDLE_IDENTIFIER = com.cgagnon.PlayBallTests;
				PRODUCT_NAME = "$(TARGET_NAME)";
				SWIFT_EMIT_LOC_STRINGS = NO;
				SWIFT_VERSION = 5.0;
				TARGETED_DEVICE_FAMILY = "1,2";
				TEST_HOST = "$(BUILT_PRODUCTS_DIR)/PlayBall.app/$(BUNDLE_EXECUTABLE_FOLDER_PATH)/PlayBall";
			};
			name = Debug;
		};
		4E2879A82DAFD63500042201 /* Release */ = {
			isa = XCBuildConfiguration;
			buildSettings = {
				BUNDLE_LOADER = "$(TEST_HOST)";
				CODE_SIGN_STYLE = Automatic;
				CURRENT_PROJECT_VERSION = 1;
				DEVELOPMENT_TEAM = K4665LK4MM;
				GENERATE_INFOPLIST_FILE = YES;
				IPHONEOS_DEPLOYMENT_TARGET = 18.4;
				MARKETING_VERSION = 1.0;
				PRODUCT_BUNDLE_IDENTIFIER = com.cgagnon.PlayBallTests;
				PRODUCT_NAME = "$(TARGET_NAME)";
				SWIFT_EMIT_LOC_STRINGS = NO;
				SWIFT_VERSION = 5.0;
				TARGETED_DEVICE_FAMILY = "1,2";
				TEST_HOST = "$(BUILT_PRODUCTS_DIR)/PlayBall.app/$(BUNDLE_EXECUTABLE_FOLDER_PATH)/PlayBall";
			};
			name = Release;
		};
		4E2879AA2DAFD63500042201 /* Debug */ = {
			isa = XCBuildConfiguration;
			buildSettings = {
				CODE_SIGN_STYLE = Automatic;
				CURRENT_PROJECT_VERSION = 1;
				DEVELOPMENT_TEAM = K4665LK4MM;
				GENERATE_INFOPLIST_FILE = YES;
				MARKETING_VERSION = 1.0;
				PRODUCT_BUNDLE_IDENTIFIER = com.cgagnon.PlayBallUITests;
				PRODUCT_NAME = "$(TARGET_NAME)";
				SWIFT_EMIT_LOC_STRINGS = NO;
				SWIFT_VERSION = 5.0;
				TARGETED_DEVICE_FAMILY = "1,2";
				TEST_TARGET_NAME = PlayBall;
			};
			name = Debug;
		};
		4E2879AB2DAFD63500042201 /* Release */ = {
			isa = XCBuildConfiguration;
			buildSettings = {
				CODE_SIGN_STYLE = Automatic;
				CURRENT_PROJECT_VERSION = 1;
				DEVELOPMENT_TEAM = K4665LK4MM;
				GENERATE_INFOPLIST_FILE = YES;
				MARKETING_VERSION = 1.0;
				PRODUCT_BUNDLE_IDENTIFIER = com.cgagnon.PlayBallUITests;
				PRODUCT_NAME = "$(TARGET_NAME)";
				SWIFT_EMIT_LOC_STRINGS = NO;
				SWIFT_VERSION = 5.0;
				TARGETED_DEVICE_FAMILY = "1,2";
				TEST_TARGET_NAME = PlayBall;
			};
			name = Release;
		};
		4EC1F7792DC2D66A0057BD60 /* Debug */ = {
			isa = XCBuildConfiguration;
			buildSettings = {
				ASSETCATALOG_COMPILER_GLOBAL_ACCENT_COLOR_NAME = AccentColor;
				ASSETCATALOG_COMPILER_WIDGET_BACKGROUND_COLOR_NAME = WidgetBackground;
				CODE_SIGN_IDENTITY = "Apple Development";
				CODE_SIGN_STYLE = Automatic;
				CURRENT_PROJECT_VERSION = 1;
				DEVELOPMENT_TEAM = K4665LK4MM;
				GENERATE_INFOPLIST_FILE = YES;
				INFOPLIST_FILE = PlayBallWidgetExtension/Info.plist;
				INFOPLIST_KEY_CFBundleDisplayName = PlayBallWidgetExtension;
				INFOPLIST_KEY_NSHumanReadableCopyright = "";
				LD_RUNPATH_SEARCH_PATHS = (
					"$(inherited)",
					"@executable_path/Frameworks",
					"@executable_path/../../Frameworks",
				);
				MARKETING_VERSION = 1.0;
				PRODUCT_BUNDLE_IDENTIFIER = com.cgagnon.playball.PlayBallWidgetExtension;
				PRODUCT_NAME = "$(TARGET_NAME)";
				SKIP_INSTALL = YES;
				SWIFT_EMIT_LOC_STRINGS = YES;
				SWIFT_VERSION = 5.0;
				TARGETED_DEVICE_FAMILY = "1,2";
			};
			name = Debug;
		};
		4EC1F77A2DC2D66A0057BD60 /* Release */ = {
			isa = XCBuildConfiguration;
			buildSettings = {
				ASSETCATALOG_COMPILER_GLOBAL_ACCENT_COLOR_NAME = AccentColor;
				ASSETCATALOG_COMPILER_WIDGET_BACKGROUND_COLOR_NAME = WidgetBackground;
				CODE_SIGN_IDENTITY = "Apple Development";
				CODE_SIGN_STYLE = Automatic;
				CURRENT_PROJECT_VERSION = 1;
				DEVELOPMENT_TEAM = K4665LK4MM;
				GENERATE_INFOPLIST_FILE = YES;
				INFOPLIST_FILE = PlayBallWidgetExtension/Info.plist;
				INFOPLIST_KEY_CFBundleDisplayName = PlayBallWidgetExtension;
				INFOPLIST_KEY_NSHumanReadableCopyright = "";
				LD_RUNPATH_SEARCH_PATHS = (
					"$(inherited)",
					"@executable_path/Frameworks",
					"@executable_path/../../Frameworks",
				);
				MARKETING_VERSION = 1.0;
				PRODUCT_BUNDLE_IDENTIFIER = com.cgagnon.playball.PlayBallWidgetExtension;
				PRODUCT_NAME = "$(TARGET_NAME)";
				SKIP_INSTALL = YES;
				SWIFT_EMIT_LOC_STRINGS = YES;
				SWIFT_VERSION = 5.0;
				TARGETED_DEVICE_FAMILY = "1,2";
			};
			name = Release;
		};
/* End XCBuildConfiguration section */

/* Begin XCConfigurationList section */
		4E28797B2DAFD63300042201 /* Build configuration list for PBXProject "PlayBall" */ = {
			isa = XCConfigurationList;
			buildConfigurations = (
				4E2879A12DAFD63500042201 /* Debug */,
				4E2879A22DAFD63500042201 /* Release */,
			);
			defaultConfigurationIsVisible = 0;
			defaultConfigurationName = Release;
		};
		4E2879A32DAFD63500042201 /* Build configuration list for PBXNativeTarget "PlayBall" */ = {
			isa = XCConfigurationList;
			buildConfigurations = (
				4E2879A42DAFD63500042201 /* Debug */,
				4E2879A52DAFD63500042201 /* Release */,
			);
			defaultConfigurationIsVisible = 0;
			defaultConfigurationName = Release;
		};
		4E2879A62DAFD63500042201 /* Build configuration list for PBXNativeTarget "PlayBallTests" */ = {
			isa = XCConfigurationList;
			buildConfigurations = (
				4E2879A72DAFD63500042201 /* Debug */,
				4E2879A82DAFD63500042201 /* Release */,
			);
			defaultConfigurationIsVisible = 0;
			defaultConfigurationName = Release;
		};
		4E2879A92DAFD63500042201 /* Build configuration list for PBXNativeTarget "PlayBallUITests" */ = {
			isa = XCConfigurationList;
			buildConfigurations = (
				4E2879AA2DAFD63500042201 /* Debug */,
				4E2879AB2DAFD63500042201 /* Release */,
			);
			defaultConfigurationIsVisible = 0;
			defaultConfigurationName = Release;
		};
		4EC1F7782DC2D66A0057BD60 /* Build configuration list for PBXNativeTarget "PlayBallWidgetExtensionExtension" */ = {
			isa = XCConfigurationList;
			buildConfigurations = (
				4EC1F7792DC2D66A0057BD60 /* Debug */,
				4EC1F77A2DC2D66A0057BD60 /* Release */,
			);
			defaultConfigurationIsVisible = 0;
			defaultConfigurationName = Release;
		};
/* End XCConfigurationList section */

/* Begin XCRemoteSwiftPackageReference section */
		4EC37A3E2DCFE8E1007B56CB /* XCRemoteSwiftPackageReference "Timer" */ = {
			isa = XCRemoteSwiftPackageReference;
			repositoryURL = "https://github.com/Mijick/Timer";
			requirement = {
				kind = upToNextMajorVersion;
				minimumVersion = 2.0.0;
			};
		};
/* End XCRemoteSwiftPackageReference section */

/* Begin XCSwiftPackageProductDependency section */
		4EC37A3F2DCFE8E1007B56CB /* MijickTimer */ = {
			isa = XCSwiftPackageProductDependency;
			package = 4EC37A3E2DCFE8E1007B56CB /* XCRemoteSwiftPackageReference "Timer" */;
			productName = MijickTimer;
		};
/* End XCSwiftPackageProductDependency section */
	};
	rootObject = 4E2879782DAFD63300042201 /* Project object */;
}
