{
  "originHash" : "403c696d6b3be078f60c67ed5df7865f4ff1c93deb9bf6a47efcc46d2e482aaf",
  "pins" : [
    {
      "identity" : "elegant-emoji-picker",
      "kind" : "remoteSourceControl",
      "location" : "https://github.com/Finalet/Elegant-Emoji-Picker.git",
      "state" : {
        "branch" : "main",
        "revision" : "daac3cd0a2c29d05f596eb9899e6276910493c02"
      }
    },
    {
      "identity" : "emojipicker",
      "kind" : "remoteSourceControl",
      "location" : "https://github.com/Kelvas09/EmojiPicker.git",
      "state" : {
        "revision" : "d787591e2121b617209172ad6a8ebf2975f605ae",
        "version" : "1.0.1"
      }
    },
    {
      "identity" : "smile",
      "kind" : "remoteSourceControl",
      "location" : "https://github.com/onmyway133/Smile",
      "state" : {
        "revision" : "40604722a7a56f735124e069fcbb58307637744b",
        "version" : "2.1.0"
      }
    }
  ],
  "version" : 3
}
